
Microsoft Visual Studio Solution File, Format Version 12.00
# Visual Studio Version 16
VisualStudioVersion = 16.0.31702.278
MinimumVisualStudioVersion = 10.0.40219.1
Project("{FAE04EC0-301F-11D3-BF4B-00C04F79EFBC}") = "DependencyServiceAndMoreSamples.Android", "DependencyServiceAndMoreSamples.Android\DependencyServiceAndMoreSamples.Android.csproj", "{C768ABB9-E591-421F-B3AD-F81B46D7FC13}"
EndProject
Project("{FAE04EC0-301F-11D3-BF4B-00C04F79EFBC}") = "DependencyServiceAndMoreSamples.iOS", "DependencyServiceAndMoreSamples.iOS\DependencyServiceAndMoreSamples.iOS.csproj", "{E088909D-DCF1-4F64-BE1D-98E03D485840}"
EndProject
Project("{FAE04EC0-301F-11D3-BF4B-00C04F79EFBC}") = "DependencyServiceAndMoreSamples", "DependencyServiceAndMoreSamples\DependencyServiceAndMoreSamples.csproj", "{3B018793-B866-4B75-9932-B5131215A37B}"
EndProject
Global
	GlobalSection(SolutionConfigurationPlatforms) = preSolution
		Debug|Any CPU = Debug|Any CPU
		Debug|iPhone = Debug|iPhone
		Debug|iPhoneSimulator = Debug|iPhoneSimulator
		Release|Any CPU = Release|Any CPU
		Release|iPhone = Release|iPhone
		Release|iPhoneSimulator = Release|iPhoneSimulator
	EndGlobalSection
	GlobalSection(ProjectConfigurationPlatforms) = postSolution
		{C768ABB9-E591-421F-B3AD-F81B46D7FC13}.Debug|Any CPU.ActiveCfg = Debug|Any CPU
		{C768ABB9-E591-421F-B3AD-F81B46D7FC13}.Debug|Any CPU.Build.0 = Debug|Any CPU
		{C768ABB9-E591-421F-B3AD-F81B46D7FC13}.Debug|Any CPU.Deploy.0 = Debug|Any CPU
		{C768ABB9-E591-421F-B3AD-F81B46D7FC13}.Debug|iPhone.ActiveCfg = Debug|Any CPU
		{C768ABB9-E591-421F-B3AD-F81B46D7FC13}.Debug|iPhone.Build.0 = Debug|Any CPU
		{C768ABB9-E591-421F-B3AD-F81B46D7FC13}.Debug|iPhone.Deploy.0 = Debug|Any CPU
		{C768ABB9-E591-421F-B3AD-F81B46D7FC13}.Debug|iPhoneSimulator.ActiveCfg = Debug|Any CPU
		{C768ABB9-E591-421F-B3AD-F81B46D7FC13}.Debug|iPhoneSimulator.Build.0 = Debug|Any CPU
		{C768ABB9-E591-421F-B3AD-F81B46D7FC13}.Debug|iPhoneSimulator.Deploy.0 = Debug|Any CPU
		{C768ABB9-E591-421F-B3AD-F81B46D7FC13}.Release|Any CPU.ActiveCfg = Release|Any CPU
		{C768ABB9-E591-421F-B3AD-F81B46D7FC13}.Release|Any CPU.Build.0 = Release|Any CPU
		{C768ABB9-E591-421F-B3AD-F81B46D7FC13}.Release|Any CPU.Deploy.0 = Release|Any CPU
		{C768ABB9-E591-421F-B3AD-F81B46D7FC13}.Release|iPhone.ActiveCfg = Release|Any CPU
		{C768ABB9-E591-421F-B3AD-F81B46D7FC13}.Release|iPhone.Build.0 = Release|Any CPU
		{C768ABB9-E591-421F-B3AD-F81B46D7FC13}.Release|iPhone.Deploy.0 = Release|Any CPU
		{C768ABB9-E591-421F-B3AD-F81B46D7FC13}.Release|iPhoneSimulator.ActiveCfg = Release|Any CPU
		{C768ABB9-E591-421F-B3AD-F81B46D7FC13}.Release|iPhoneSimulator.Build.0 = Release|Any CPU
		{C768ABB9-E591-421F-B3AD-F81B46D7FC13}.Release|iPhoneSimulator.Deploy.0 = Release|Any CPU
		{E088909D-DCF1-4F64-BE1D-98E03D485840}.Debug|Any CPU.ActiveCfg = Debug|iPhone
		{E088909D-DCF1-4F64-BE1D-98E03D485840}.Debug|Any CPU.Build.0 = Debug|iPhone
		{E088909D-DCF1-4F64-BE1D-98E03D485840}.Debug|Any CPU.Deploy.0 = Debug|iPhone
		{E088909D-DCF1-4F64-BE1D-98E03D485840}.Debug|iPhone.ActiveCfg = Debug|iPhone
		{E088909D-DCF1-4F64-BE1D-98E03D485840}.Debug|iPhone.Build.0 = Debug|iPhone
		{E088909D-DCF1-4F64-BE1D-98E03D485840}.Debug|iPhone.Deploy.0 = Debug|iPhone
		{E088909D-DCF1-4F64-BE1D-98E03D485840}.Debug|iPhoneSimulator.ActiveCfg = Debug|iPhoneSimulator
		{E088909D-DCF1-4F64-BE1D-98E03D485840}.Debug|iPhoneSimulator.Build.0 = Debug|iPhoneSimulator
		{E088909D-DCF1-4F64-BE1D-98E03D485840}.Debug|iPhoneSimulator.Deploy.0 = Debug|iPhoneSimulator
		{E088909D-DCF1-4F64-BE1D-98E03D485840}.Release|Any CPU.ActiveCfg = Release|iPhoneSimulator
		{E088909D-DCF1-4F64-BE1D-98E03D485840}.Release|Any CPU.Build.0 = Release|iPhoneSimulator
		{E088909D-DCF1-4F64-BE1D-98E03D485840}.Release|Any CPU.Deploy.0 = Release|iPhoneSimulator
		{E088909D-DCF1-4F64-BE1D-98E03D485840}.Release|iPhone.ActiveCfg = Release|iPhone
		{E088909D-DCF1-4F64-BE1D-98E03D485840}.Release|iPhone.Build.0 = Release|iPhone
		{E088909D-DCF1-4F64-BE1D-98E03D485840}.Release|iPhone.Deploy.0 = Release|iPhone
		{E088909D-DCF1-4F64-BE1D-98E03D485840}.Release|iPhoneSimulator.ActiveCfg = Release|iPhoneSimulator
		{E088909D-DCF1-4F64-BE1D-98E03D485840}.Release|iPhoneSimulator.Build.0 = Release|iPhoneSimulator
		{E088909D-DCF1-4F64-BE1D-98E03D485840}.Release|iPhoneSimulator.Deploy.0 = Release|iPhoneSimulator
		{3B018793-B866-4B75-9932-B5131215A37B}.Debug|Any CPU.ActiveCfg = Debug|Any CPU
		{3B018793-B866-4B75-9932-B5131215A37B}.Debug|Any CPU.Build.0 = Debug|Any CPU
		{3B018793-B866-4B75-9932-B5131215A37B}.Debug|Any CPU.Deploy.0 = Debug|Any CPU
		{3B018793-B866-4B75-9932-B5131215A37B}.Debug|iPhone.ActiveCfg = Debug|Any CPU
		{3B018793-B866-4B75-9932-B5131215A37B}.Debug|iPhone.Build.0 = Debug|Any CPU
		{3B018793-B866-4B75-9932-B5131215A37B}.Debug|iPhone.Deploy.0 = Debug|Any CPU
		{3B018793-B866-4B75-9932-B5131215A37B}.Debug|iPhoneSimulator.ActiveCfg = Debug|Any CPU
		{3B018793-B866-4B75-9932-B5131215A37B}.Debug|iPhoneSimulator.Build.0 = Debug|Any CPU
		{3B018793-B866-4B75-9932-B5131215A37B}.Debug|iPhoneSimulator.Deploy.0 = Debug|Any CPU
		{3B018793-B866-4B75-9932-B5131215A37B}.Release|Any CPU.ActiveCfg = Release|Any CPU
		{3B018793-B866-4B75-9932-B5131215A37B}.Release|Any CPU.Build.0 = Release|Any CPU
		{3B018793-B866-4B75-9932-B5131215A37B}.Release|Any CPU.Deploy.0 = Release|Any CPU
		{3B018793-B866-4B75-9932-B5131215A37B}.Release|iPhone.ActiveCfg = Release|Any CPU
		{3B018793-B866-4B75-9932-B5131215A37B}.Release|iPhone.Build.0 = Release|Any CPU
		{3B018793-B866-4B75-9932-B5131215A37B}.Release|iPhone.Deploy.0 = Release|Any CPU
		{3B018793-B866-4B75-9932-B5131215A37B}.Release|iPhoneSimulator.ActiveCfg = Release|Any CPU
		{3B018793-B866-4B75-9932-B5131215A37B}.Release|iPhoneSimulator.Build.0 = Release|Any CPU
		{3B018793-B866-4B75-9932-B5131215A37B}.Release|iPhoneSimulator.Deploy.0 = Release|Any CPU
	EndGlobalSection
	GlobalSection(SolutionProperties) = preSolution
		HideSolutionNode = FALSE
	EndGlobalSection
	GlobalSection(ExtensibilityGlobals) = postSolution
		SolutionGuid = {8E3B2B47-0B6D-47AB-B9D5-35D662D45115}
	EndGlobalSection
EndGlobal
